// !$*UTF8*$!
{
	archiveVersion = 1;
	classes = {
	};
	objectVersion = 50;
	objects = {

/* Begin PBXBuildFile section */
		9C352500248C8B2500DE83A8 /* AppDelegate.swift in Sources */ = {isa = PBXBuildFile; fileRef = 9C3524FF248C8B2500DE83A8 /* AppDelegate.swift */; };
		9C352502248C8B2500DE83A8 /* SceneDelegate.swift in Sources */ = {isa = PBXBuildFile; fileRef = 9C352501248C8B2500DE83A8 /* SceneDelegate.swift */; };
		9C352504248C8B2500DE83A8 /* ViewController.swift in Sources */ = {isa = PBXBuildFile; fileRef = 9C352503248C8B2500DE83A8 /* ViewController.swift */; };
		9C352507248C8B2500DE83A8 /* Main.storyboard in Resources */ = {isa = PBXBuildFile; fileRef = 9C352505248C8B2500DE83A8 /* Main.storyboard */; };
		9C352509248C8B2B00DE83A8 /* Assets.xcassets in Resources */ = {isa = PBXBuildFile; fileRef = 9C352508248C8B2B00DE83A8 /* Assets.xcassets */; };
		9C35250C248C8B2B00DE83A8 /* LaunchScreen.storyboard in Resources */ = {isa = PBXBuildFile; fileRef = 9C35250A248C8B2B00DE83A8 /* LaunchScreen.storyboard */; };
		9C352517248C8B2C00DE83A8 /* test3Tests.swift in Sources */ = {isa = PBXBuildFile; fileRef = 9C352516248C8B2C00DE83A8 /* test3Tests.swift */; };
		9C352522248C8B2C00DE83A8 /* test3UITests.swift in Sources */ = {isa = PBXBuildFile; fileRef = 9C352521248C8B2C00DE83A8 /* test3UITests.swift */; };
/* End PBXBuildFile section */

/* Begin PBXContainerItemProxy section */
		9C352513248C8B2C00DE83A8 /* PBXContainerItemProxy */ = {
			isa = PBXContainerItemProxy;
			containerPortal = 9C3524F4248C8B2500DE83A8 /* Project object */;
			proxyType = 1;
			remoteGlobalIDString = 9C3524FB248C8B2500DE83A8;
			remoteInfo = test3;
		};
		9C35251E248C8B2C00DE83A8 /* PBXContainerItemProxy */ = {
			isa = PBXContainerItemProxy;
			containerPortal = 9C3524F4248C8B2500DE83A8 /* Project object */;
			proxyType = 1;
			remoteGlobalIDString = 9C3524FB248C8B2500DE83A8;
			remoteInfo = test3;
		};
/* End PBXContainerItemProxy section */

/* Begin PBXFileReference section */
		9C3524FC248C8B2500DE83A8 /* test3.app */ = {isa = PBXFileReference; explicitFileType = wrapper.application; includeInIndex = 0; path = test3.app; sourceTree = BUILT_PRODUCTS_DIR; };
		9C3524FF248C8B2500DE83A8 /* AppDelegate.swift */ = {isa = PBXFileReference; lastKnownFileType = sourcecode.swift; path = AppDelegate.swift; sourceTree = "<group>"; };
		9C352501248C8B2500DE83A8 /* SceneDelegate.swift */ = {isa = PBXFileReference; lastKnownFileType = sourcecode.swift; path = SceneDelegate.swift; sourceTree = "<group>"; };
		9C352503248C8B2500DE83A8 /* ViewController.swift */ = {isa = PBXFileReference; lastKnownFileType = sourcecode.swift; path = ViewController.swift; sourceTree = "<group>"; };
		9C352506248C8B2500DE83A8 /* Base */ = {isa = PBXFileReference; lastKnownFileType = file.storyboard; name = Base; path = Base.lproj/Main.storyboard; sourceTree = "<group>"; };
		9C352508248C8B2B00DE83A8 /* Assets.xcassets */ = {isa = PBXFileReference; lastKnownFileType = folder.assetcatalog; path = Assets.xcassets; sourceTree = "<group>"; };
		9C35250B248C8B2B00DE83A8 /* Base */ = {isa = PBXFileReference; lastKnownFileType = file.storyboard; name = Base; path = Base.lproj/LaunchScreen.storyboard; sourceTree = "<group>"; };
		9C35250D248C8B2B00DE83A8 /* Info.plist */ = {isa = PBXFileReference; lastKnownFileType = text.plist.xml; path = Info.plist; sourceTree = "<group>"; };
		9C352512248C8B2C00DE83A8 /* test3Tests.xctest */ = {isa = PBXFileReference; explicitFileType = wrapper.cfbundle; includeInIndex = 0; path = test3Tests.xctest; sourceTree = BUILT_PRODUCTS_DIR; };
		9C352516248C8B2C00DE83A8 /* test3Tests.swift */ = {isa = PBXFileReference; lastKnownFileType = sourcecode.swift; path = test3Tests.swift; sourceTree = "<group>"; };
		9C352518248C8B2C00DE83A8 /* Info.plist */ = {isa = PBXFileReference; lastKnownFileType = text.plist.xml; path = Info.plist; sourceTree = "<group>"; };
		9C35251D248C8B2C00DE83A8 /* test3UITests.xctest */ = {isa = PBXFileReference; explicitFileType = wrapper.cfbundle; includeInIndex = 0; path = test3UITests.xctest; sourceTree = BUILT_PRODUCTS_DIR; };
		9C352521248C8B2C00DE83A8 /* test3UITests.swift */ = {isa = PBXFileReference; lastKnownFileType = sourcecode.swift; path = test3UITests.swift; sourceTree = "<group>"; };
		9C352523248C8B2C00DE83A8 /* Info.plist */ = {isa = PBXFileReference; lastKnownFileType = text.plist.xml; path = Info.plist; sourceTree = "<group>"; };
/* End PBXFileReference section */

/* Begin PBXFrameworksBuildPhase section */
		9C3524F9248C8B2500DE83A8 /* Frameworks */ = {
			isa = PBXFrameworksBuildPhase;
			buildActionMask = 2147483647;
			files = (
			);
			runOnlyForDeploymentPostprocessing = 0;
		};
		9C35250F248C8B2C00DE83A8 /* Frameworks */ = {
			isa = PBXFrameworksBuildPhase;
			buildActionMask = 2147483647;
			files = (
			);
			runOnlyForDeploymentPostprocessing = 0;
		};
		9C35251A248C8B2C00DE83A8 /* Frameworks */ = {
			isa = PBXFrameworksBuildPhase;
			buildActionMask = 2147483647;
			files = (
			);
			runOnlyForDeploymentPostprocessing = 0;
		};
/* End PBXFrameworksBuildPhase section */

/* Begin PBXGroup section */
		9C3524F3248C8B2500DE83A8 = {
			isa = PBXGroup;
			children = (
				9C3524FE248C8B2500DE83A8 /* test3 */,
				9C352515248C8B2C00DE83A8 /* test3Tests */,
				9C352520248C8B2C00DE83A8 /* test3UITests */,
				9C3524FD248C8B2500DE83A8 /* Products */,
			);
			sourceTree = "<group>";
		};
		9C3524FD248C8B2500DE83A8 /* Products */ = {
			isa = PBXGroup;
			children = (
				9C3524FC248C8B2500DE83A8 /* test3.app */,
				9C352512248C8B2C00DE83A8 /* test3Tests.xctest */,
				9C35251D248C8B2C00DE83A8 /* test3UITests.xctest */,
			);
			name = Products;
			sourceTree = "<group>";
		};
		9C3524FE248C8B2500DE83A8 /* test3 */ = {
			isa = PBXGroup;
			children = (
				9C3524FF248C8B2500DE83A8 /* AppDelegate.swift */,
				9C352501248C8B2500DE83A8 /* SceneDelegate.swift */,
				9C352503248C8B2500DE83A8 /* ViewController.swift */,
				9C352505248C8B2500DE83A8 /* Main.storyboard */,
				9C352508248C8B2B00DE83A8 /* Assets.xcassets */,
				9C35250A248C8B2B00DE83A8 /* LaunchScreen.storyboard */,
				9C35250D248C8B2B00DE83A8 /* Info.plist */,
			);
			path = test3;
			sourceTree = "<group>";
		};
		9C352515248C8B2C00DE83A8 /* test3Tests */ = {
			isa = PBXGroup;
			children = (
				9C352516248C8B2C00DE83A8 /* test3Tests.swift */,
				9C352518248C8B2C00DE83A8 /* Info.plist */,
			);
			path = test3Tests;
			sourceTree = "<group>";
		};
		9C352520248C8B2C00DE83A8 /* test3UITests */ = {
			isa = PBXGroup;
			children = (
				9C352521248C8B2C00DE83A8 /* test3UITests.swift */,
				9C352523248C8B2C00DE83A8 /* Info.plist */,
			);
			path = test3UITests;
			sourceTree = "<group>";
		};
/* End PBXGroup section */

/* Begin PBXNativeTarget section */
		9C3524FB248C8B2500DE83A8 /* test3 */ = {
			isa = PBXNativeTarget;
			buildConfigurationList = 9C352526248C8B2C00DE83A8 /* Build configuration list for PBXNativeTarget "test3" */;
			buildPhases = (
				9C3524F8248C8B2500DE83A8 /* Sources */,
				9C3524F9248C8B2500DE83A8 /* Frameworks */,
				9C3524FA248C8B2500DE83A8 /* Resources */,
			);
			buildRules = (
			);
			dependencies = (
			);
			name = test3;
			productName = test3;
			productReference = 9C3524FC248C8B2500DE83A8 /* test3.app */;
			productType = "com.apple.product-type.application";
		};
		9C352511248C8B2C00DE83A8 /* test3Tests */ = {
			isa = PBXNativeTarget;
			buildConfigurationList = 9C352529248C8B2C00DE83A8 /* Build configuration list for PBXNativeTarget "test3Tests" */;
			buildPhases = (
				9C35250E248C8B2C00DE83A8 /* Sources */,
				9C35250F248C8B2C00DE83A8 /* Frameworks */,
				9C352510248C8B2C00DE83A8 /* Resources */,
			);
			buildRules = (
			);
			dependencies = (
				9C352514248C8B2C00DE83A8 /* PBXTargetDependency */,
			);
			name = test3Tests;
			productName = test3Tests;
			productReference = 9C352512248C8B2C00DE83A8 /* test3Tests.xctest */;
			productType = "com.apple.product-type.bundle.unit-test";
		};
		9C35251C248C8B2C00DE83A8 /* test3UITests */ = {
			isa = PBXNativeTarget;
			buildConfigurationList = 9C35252C248C8B2C00DE83A8 /* Build configuration list for PBXNativeTarget "test3UITests" */;
			buildPhases = (
				9C352519248C8B2C00DE83A8 /* Sources */,
				9C35251A248C8B2C00DE83A8 /* Frameworks */,
				9C35251B248C8B2C00DE83A8 /* Resources */,
			);
			buildRules = (
			);
			dependencies = (
				9C35251F248C8B2C00DE83A8 /* PBXTargetDependency */,
			);
			name = test3UITests;
			productName = test3UITests;
			productReference = 9C35251D248C8B2C00DE83A8 /* test3UITests.xctest */;
			productType = "com.apple.product-type.bundle.ui-testing";
		};
/* End PBXNativeTarget section */

/* Begin PBXProject section */
		9C3524F4248C8B2500DE83A8 /* Project object */ = {
			isa = PBXProject;
			attributes = {
				LastSwiftUpdateCheck = 1150;
				LastUpgradeCheck = 1150;
				ORGANIZATIONNAME = "松島優希";
				TargetAttributes = {
					9C3524FB248C8B2500DE83A8 = {
						CreatedOnToolsVersion = 11.5;
					};
					9C352511248C8B2C00DE83A8 = {
						CreatedOnToolsVersion = 11.5;
						TestTargetID = 9C3524FB248C8B2500DE83A8;
					};
					9C35251C248C8B2C00DE83A8 = {
						CreatedOnToolsVersion = 11.5;
						TestTargetID = 9C3524FB248C8B2500DE83A8;
					};
				};
			};
			buildConfigurationList = 9C3524F7248C8B2500DE83A8 /* Build configuration list for PBXProject "test3" */;
			compatibilityVersion = "Xcode 9.3";
			developmentRegion = en;
			hasScannedForEncodings = 0;
			knownRegions = (
				en,
				Base,
			);
			mainGroup = 9C3524F3248C8B2500DE83A8;
			productRefGroup = 9C3524FD248C8B2500DE83A8 /* Products */;
			projectDirPath = "";
			projectRoot = "";
			targets = (
				9C3524FB248C8B2500DE83A8 /* test3 */,
				9C352511248C8B2C00DE83A8 /* test3Tests */,
				9C35251C248C8B2C00DE83A8 /* test3UITests */,
			);
		};
/* End PBXProject section */

/* Begin PBXResourcesBuildPhase section */
		9C3524FA248C8B2500DE83A8 /* Resources */ = {
			isa = PBXResourcesBuildPhase;
			buildActionMask = 2147483647;
			files = (
				9C35250C248C8B2B00DE83A8 /* LaunchScreen.storyboard in Resources */,
				9C352509248C8B2B00DE83A8 /* Assets.xcassets in Resources */,
				9C352507248C8B2500DE83A8 /* Main.storyboard in Resources */,
			);
			runOnlyForDeploymentPostprocessing = 0;
		};
		9C352510248C8B2C00DE83A8 /* Resources */ = {
			isa = PBXResourcesBuildPhase;
			buildActionMask = 2147483647;
			files = (
			);
			runOnlyForDeploymentPostprocessing = 0;
		};
		9C35251B248C8B2C00DE83A8 /* Resources */ = {
			isa = PBXResourcesBuildPhase;
			buildActionMask = 2147483647;
			files = (
			);
			runOnlyForDeploymentPostprocessing = 0;
		};
/* End PBXResourcesBuildPhase section */

/* Begin PBXSourcesBuildPhase section */
		9C3524F8248C8B2500DE83A8 /* Sources */ = {
			isa = PBXSourcesBuildPhase;
			buildActionMask = 2147483647;
			files = (
				9C352504248C8B2500DE83A8 /* ViewController.swift in Sources */,
				9C352500248C8B2500DE83A8 /* AppDelegate.swift in Sources */,
				9C352502248C8B2500DE83A8 /* SceneDelegate.swift in Sources */,
			);
			runOnlyForDeploymentPostprocessing = 0;
		};
		9C35250E248C8B2C00DE83A8 /* Sources */ = {
			isa = PBXSourcesBuildPhase;
			buildActionMask = 2147483647;
			files = (
				9C352517248C8B2C00DE83A8 /* test3Tests.swift in Sources */,
			);
			runOnlyForDeploymentPostprocessing = 0;
		};
		9C352519248C8B2C00DE83A8 /* Sources */ = {
			isa = PBXSourcesBuildPhase;
			buildActionMask = 2147483647;
			files = (
				9C352522248C8B2C00DE83A8 /* test3UITests.swift in Sources */,
			);
			runOnlyForDeploymentPostprocessing = 0;
		};
/* End PBXSourcesBuildPhase section */

/* Begin PBXTargetDependency section */
		9C352514248C8B2C00DE83A8 /* PBXTargetDependency */ = {
			isa = PBXTargetDependency;
			target = 9C3524FB248C8B2500DE83A8 /* test3 */;
			targetProxy = 9C352513248C8B2C00DE83A8 /* PBXContainerItemProxy */;
		};
		9C35251F248C8B2C00DE83A8 /* PBXTargetDependency */ = {
			isa = PBXTargetDependency;
			target = 9C3524FB248C8B2500DE83A8 /* test3 */;
			targetProxy = 9C35251E248C8B2C00DE83A8 /* PBXContainerItemProxy */;
		};
/* End PBXTargetDependency section */

/* Begin PBXVariantGroup section */
		9C352505248C8B2500DE83A8 /* Main.storyboard */ = {
			isa = PBXVariantGroup;
			children = (
				9C352506248C8B2500DE83A8 /* Base */,
			);
			name = Main.storyboard;
			sourceTree = "<group>";
		};
		9C35250A248C8B2B00DE83A8 /* LaunchScreen.storyboard */ = {
			isa = PBXVariantGroup;
			children = (
				9C35250B248C8B2B00DE83A8 /* Base */,
			);
			name = LaunchScreen.storyboard;
			sourceTree = "<group>";
		};
/* End PBXVariantGroup section */

/* Begin XCBuildConfiguration section */
		9C352524248C8B2C00DE83A8 /* Debug */ = {
			isa = XCBuildConfiguration;
			buildSettings = {
				ALWAYS_SEARCH_USER_PATHS = NO;
				CLANG_ANALYZER_NONNULL = YES;
				CLANG_ANALYZER_NUMBER_OBJECT_CONVERSION = YES_AGGRESSIVE;
				CLANG_CXX_LANGUAGE_STANDARD = "gnu++14";
				CLANG_CXX_LIBRARY = "libc++";
				CLANG_ENABLE_MODULES = YES;
				CLANG_ENABLE_OBJC_ARC = YES;
				CLANG_ENABLE_OBJC_WEAK = YES;
				CLANG_WARN_BLOCK_CAPTURE_AUTORELEASING = YES;
				CLANG_WARN_BOOL_CONVERSION = YES;
				CLANG_WARN_COMMA = YES;
				CLANG_WARN_CONSTANT_CONVERSION = YES;
				CLANG_WARN_DEPRECATED_OBJC_IMPLEMENTATIONS = YES;
				CLANG_WARN_DIRECT_OBJC_ISA_USAGE = YES_ERROR;
				CLANG_WARN_DOCUMENTATION_COMMENTS = YES;
				CLANG_WARN_EMPTY_BODY = YES;
				CLANG_WARN_ENUM_CONVERSION = YES;
				CLANG_WARN_INFINITE_RECURSION = YES;
				CLANG_WARN_INT_CONVERSION = YES;
				CLANG_WARN_NON_LITERAL_NULL_CONVERSION = YES;
				CLANG_WARN_OBJC_IMPLICIT_RETAIN_SELF = YES;
				CLANG_WARN_OBJC_LITERAL_CONVERSION = YES;
				CLANG_WARN_OBJC_ROOT_CLASS = YES_ERROR;
				CLANG_WARN_RANGE_LOOP_ANALYSIS = YES;
				CLANG_WARN_STRICT_PROTOTYPES = YES;
				CLANG_WARN_SUSPICIOUS_MOVE = YES;
				CLANG_WARN_UNGUARDED_AVAILABILITY = YES_AGGRESSIVE;
				CLANG_WARN_UNREACHABLE_CODE = YES;
				CLANG_WARN__DUPLICATE_METHOD_MATCH = YES;
				COPY_PHASE_STRIP = NO;
				DEBUG_INFORMATION_FORMAT = dwarf;
				ENABLE_STRICT_OBJC_MSGSEND = YES;
				ENABLE_TESTABILITY = YES;
				GCC_C_LANGUAGE_STANDARD = gnu11;
				GCC_DYNAMIC_NO_PIC = NO;
				GCC_NO_COMMON_BLOCKS = YES;
				GCC_OPTIMIZATION_LEVEL = 0;
				GCC_PREPROCESSOR_DEFINITIONS = (
					"DEBUG=1",
					"$(inherited)",
				);
				GCC_WARN_64_TO_32_BIT_CONVERSION = YES;
				GCC_WARN_ABOUT_RETURN_TYPE = YES_ERROR;
				GCC_WARN_UNDECLARED_SELECTOR = YES;
				GCC_WARN_UNINITIALIZED_AUTOS = YES_AGGRESSIVE;
				GCC_WARN_UNUSED_FUNCTION = YES;
				GCC_WARN_UNUSED_VARIABLE = YES;
				IPHONEOS_DEPLOYMENT_TARGET = 13.5;
				MTL_ENABLE_DEBUG_INFO = INCLUDE_SOURCE;
				MTL_FAST_MATH = YES;
				ONLY_ACTIVE_ARCH = YES;
				SDKROOT = iphoneos;
				SWIFT_ACTIVE_COMPILATION_CONDITIONS = DEBUG;
				SWIFT_OPTIMIZATION_LEVEL = "-Onone";
			};
			name = Debug;
		};
		9C352525248C8B2C00DE83A8 /* Release */ = {
			isa = XCBuildConfiguration;
			buildSettings = {
				ALWAYS_SEARCH_USER_PATHS = NO;
				CLANG_ANALYZER_NONNULL = YES;
				CLANG_ANALYZER_NUMBER_OBJECT_CONVERSION = YES_AGGRESSIVE;
				CLANG_CXX_LANGUAGE_STANDARD = "gnu++14";
				CLANG_CXX_LIBRARY = "libc++";
				CLANG_ENABLE_MODULES = YES;
				CLANG_ENABLE_OBJC_ARC = YES;
				CLANG_ENABLE_OBJC_WEAK = YES;
				CLANG_WARN_BLOCK_CAPTURE_AUTORELEASING = YES;
				CLANG_WARN_BOOL_CONVERSION = YES;
				CLANG_WARN_COMMA = YES;
				CLANG_WARN_CONSTANT_CONVERSION = YES;
				CLANG_WARN_DEPRECATED_OBJC_IMPLEMENTATIONS = YES;
				CLANG_WARN_DIRECT_OBJC_ISA_USAGE = YES_ERROR;
				CLANG_WARN_DOCUMENTATION_COMMENTS = YES;
				CLANG_WARN_EMPTY_BODY = YES;
				CLANG_WARN_ENUM_CONVERSION = YES;
				CLANG_WARN_INFINITE_RECURSION = YES;
				CLANG_WARN_INT_CONVERSION = YES;
				CLANG_WARN_NON_LITERAL_NULL_CONVERSION = YES;
				CLANG_WARN_OBJC_IMPLICIT_RETAIN_SELF = YES;
				CLANG_WARN_OBJC_LITERAL_CONVERSION = YES;
				CLANG_WARN_OBJC_ROOT_CLASS = YES_ERROR;
				CLANG_WARN_RANGE_LOOP_ANALYSIS = YES;
				CLANG_WARN_STRICT_PROTOTYPES = YES;
				CLANG_WARN_SUSPICIOUS_MOVE = YES;
				CLANG_WARN_UNGUARDED_AVAILABILITY = YES_AGGRESSIVE;
				CLANG_WARN_UNREACHABLE_CODE = YES;
				CLANG_WARN__DUPLICATE_METHOD_MATCH = YES;
				COPY_PHASE_STRIP = NO;
				DEBUG_INFORMATION_FORMAT = "dwarf-with-dsym";
				ENABLE_NS_ASSERTIONS = NO;
				ENABLE_STRICT_OBJC_MSGSEND = YES;
				GCC_C_LANGUAGE_STANDARD = gnu11;
				GCC_NO_COMMON_BLOCKS = YES;
				GCC_WARN_64_TO_32_BIT_CONVERSION = YES;
				GCC_WARN_ABOUT_RETURN_TYPE = YES_ERROR;
				GCC_WARN_UNDECLARED_SELECTOR = YES;
				GCC_WARN_UNINITIALIZED_AUTOS = YES_AGGRESSIVE;
				GCC_WARN_UNUSED_FUNCTION = YES;
				GCC_WARN_UNUSED_VARIABLE = YES;
				IPHONEOS_DEPLOYMENT_TARGET = 13.5;
				MTL_ENABLE_DEBUG_INFO = NO;
				MTL_FAST_MATH = YES;
				SDKROOT = iphoneos;
				SWIFT_COMPILATION_MODE = wholemodule;
				SWIFT_OPTIMIZATION_LEVEL = "-O";
				VALIDATE_PRODUCT = YES;
			};
			name = Release;
		};
		9C352527248C8B2C00DE83A8 /* Debug */ = {
			isa = XCBuildConfiguration;
			buildSettings = {
				ASSETCATALOG_COMPILER_APPICON_NAME = AppIcon;
				CODE_SIGN_STYLE = Automatic;
				DEVELOPMENT_TEAM = 9DC67NVFSC;
				INFOPLIST_FILE = test3/Info.plist;
				LD_RUNPATH_SEARCH_PATHS = (
					"$(inherited)",
					"@executable_path/Frameworks",
				);
				PRODUCT_BUNDLE_IDENTIFIER = app.matsushima.mukku.test3;
				PRODUCT_NAME = "$(TARGET_NAME)";
				SWIFT_VERSION = 5.0;
				TARGETED_DEVICE_FAMILY = "1,2";
			};
			name = Debug;
		};
		9C352528248C8B2C00DE83A8 /* Release */ = {
			isa = XCBuildConfiguration;
			buildSettings = {
				ASSETCATALOG_COMPILER_APPICON_NAME = AppIcon;
				CODE_SIGN_STYLE = Automatic;
				DEVELOPMENT_TEAM = 9DC67NVFSC;
				INFOPLIST_FILE = test3/Info.plist;
				LD_RUNPATH_SEARCH_PATHS = (
					"$(inherited)",
					"@executable_path/Frameworks",
				);
				PRODUCT_BUNDLE_IDENTIFIER = app.matsushima.mukku.test3;
				PRODUCT_NAME = "$(TARGET_NAME)";
				SWIFT_VERSION = 5.0;
				TARGETED_DEVICE_FAMILY = "1,2";
			};
			name = Release;
		};
		9C35252A248C8B2C00DE83A8 /* Debug */ = {
			isa = XCBuildConfiguration;
			buildSettings = {
				ALWAYS_EMBED_SWIFT_STANDARD_LIBRARIES = YES;
				BUNDLE_LOADER = "$(TEST_HOST)";
				CODE_SIGN_STYLE = Automatic;
				DEVELOPMENT_TEAM = 9DC67NVFSC;
				INFOPLIST_FILE = test3Tests/Info.plist;
				IPHONEOS_DEPLOYMENT_TARGET = 13.5;
				LD_RUNPATH_SEARCH_PATHS = (
					"$(inherited)",
					"@executable_path/Frameworks",
					"@loader_path/Frameworks",
				);
				PRODUCT_BUNDLE_IDENTIFIER = app.matsushima.mukku.test3Tests;
				PRODUCT_NAME = "$(TARGET_NAME)";
				SWIFT_VERSION = 5.0;
				TARGETED_DEVICE_FAMILY = "1,2";
				TEST_HOST = "$(BUILT_PRODUCTS_DIR)/test3.app/test3";
			};
			name = Debug;
		};
		9C35252B248C8B2C00DE83A8 /* Release */ = {
			isa = XCBuildConfiguration;
			buildSettings = {
				ALWAYS_EMBED_SWIFT_STANDARD_LIBRARIES = YES;
				BUNDLE_LOADER = "$(TEST_HOST)";
				CODE_SIGN_STYLE = Automatic;
				DEVELOPMENT_TEAM = 9DC67NVFSC;
				INFOPLIST_FILE = test3Tests/Info.plist;
				IPHONEOS_DEPLOYMENT_TARGET = 13.5;
				LD_RUNPATH_SEARCH_PATHS = (
					"$(inherited)",
					"@executable_path/Frameworks",
					"@loader_path/Frameworks",
				);
				PRODUCT_BUNDLE_IDENTIFIER = app.matsushima.mukku.test3Tests;
				PRODUCT_NAME = "$(TARGET_NAME)";
				SWIFT_VERSION = 5.0;
				TARGETED_DEVICE_FAMILY = "1,2";
				TEST_HOST = "$(BUILT_PRODUCTS_DIR)/test3.app/test3";
			};
			name = Release;
		};
		9C35252D248C8B2C00DE83A8 /* Debug */ = {
			isa = XCBuildConfiguration;
			buildSettings = {
				ALWAYS_EMBED_SWIFT_STANDARD_LIBRARIES = YES;
				CODE_SIGN_STYLE = Automatic;
				DEVELOPMENT_TEAM = 9DC67NVFSC;
				INFOPLIST_FILE = test3UITests/Info.plist;
				LD_RUNPATH_SEARCH_PATHS = (
					"$(inherited)",
					"@executable_path/Frameworks",
					"@loader_path/Frameworks",
				);
				PRODUCT_BUNDLE_IDENTIFIER = app.matsushima.mukku.test3UITests;
				PRODUCT_NAME = "$(TARGET_NAME)";
				SWIFT_VERSION = 5.0;
				TARGETED_DEVICE_FAMILY = "1,2";
				TEST_TARGET_NAME = test3;
			};
			name = Debug;
		};
		9C35252E248C8B2C00DE83A8 /* Release */ = {
			isa = XCBuildConfiguration;
			buildSettings = {
				ALWAYS_EMBED_SWIFT_STANDARD_LIBRARIES = YES;
				CODE_SIGN_STYLE = Automatic;
				DEVELOPMENT_TEAM = 9DC67NVFSC;
				INFOPLIST_FILE = test3UITests/Info.plist;
				LD_RUNPATH_SEARCH_PATHS = (
					"$(inherited)",
					"@executable_path/Frameworks",
					"@loader_path/Frameworks",
				);
				PRODUCT_BUNDLE_IDENTIFIER = app.matsushima.mukku.test3UITests;
				PRODUCT_NAME = "$(TARGET_NAME)";
				SWIFT_VERSION = 5.0;
				TARGETED_DEVICE_FAMILY = "1,2";
				TEST_TARGET_NAME = test3;
			};
			name = Release;
		};
/* End XCBuildConfiguration section */

/* Begin XCConfigurationList section */
		9C3524F7248C8B2500DE83A8 /* Build configuration list for PBXProject "test3" */ = {
			isa = XCConfigurationList;
			buildConfigurations = (
				9C352524248C8B2C00DE83A8 /* Debug */,
				9C352525248C8B2C00DE83A8 /* Release */,
			);
			defaultConfigurationIsVisible = 0;
			defaultConfigurationName = Release;
		};
		9C352526248C8B2C00DE83A8 /* Build configuration list for PBXNativeTarget "test3" */ = {
			isa = XCConfigurationList;
			buildConfigurations = (
				9C352527248C8B2C00DE83A8 /* Debug */,
				9C352528248C8B2C00DE83A8 /* Release */,
			);
			defaultConfigurationIsVisible = 0;
			defaultConfigurationName = Release;
		};
		9C352529248C8B2C00DE83A8 /* Build configuration list for PBXNativeTarget "test3Tests" */ = {
			isa = XCConfigurationList;
			buildConfigurations = (
				9C35252A248C8B2C00DE83A8 /* Debug */,
				9C35252B248C8B2C00DE83A8 /* Release */,
			);
			defaultConfigurationIsVisible = 0;
			defaultConfigurationName = Release;
		};
		9C35252C248C8B2C00DE83A8 /* Build configuration list for PBXNativeTarget "test3UITests" */ = {
			isa = XCConfigurationList;
			buildConfigurations = (
				9C35252D248C8B2C00DE83A8 /* Debug */,
				9C35252E248C8B2C00DE83A8 /* Release */,
			);
			defaultConfigurationIsVisible = 0;
			defaultConfigurationName = Release;
		};
/* End XCConfigurationList section */
	};
	rootObject = 9C3524F4248C8B2500DE83A8 /* Project object */;
}
